
Microsoft Visual Studio Solution File, Format Version 12.00
# Visual Studio Version 17
VisualStudioVersion = 17.4.33110.190
MinimumVisualStudioVersion = 10.0.40219.1
Project("{FAE04EC0-301F-11D3-BF4B-00C04F79EFBC}") = "A_B_C_2", "A_B_C_2.csproj", "{2DEAB8E0-5E6C-483F-837B-14518D2BB52F}"
EndProject
Global
	GlobalSection(SolutionConfigurationPlatforms) = preSolution
		Debug|Any CPU = Debug|Any CPU
		Release|Any CPU = Release|Any CPU
	EndGlobalSection
	GlobalSection(ProjectConfigurationPlatforms) = postSolution
		{2DEAB8E0-5E6C-483F-837B-14518D2BB52F}.Debug|Any CPU.ActiveCfg = Debug|Any CPU
		{2DEAB8E0-5E6C-483F-837B-14518D2BB52F}.Debug|Any CPU.Build.0 = Debug|Any CPU
		{2DEAB8E0-5E6C-483F-837B-14518D2BB52F}.Release|Any CPU.ActiveCfg = Release|Any CPU
		{2DEAB8E0-5E6C-483F-837B-14518D2BB52F}.Release|Any CPU.Build.0 = Release|Any CPU
	EndGlobalSection
	GlobalSection(SolutionProperties) = preSolution
		HideSolutionNode = FALSE
	EndGlobalSection
	GlobalSection(ExtensibilityGlobals) = postSolution
		SolutionGuid = {51FE79F9-DB3A-468D-B66B-78B57938BF09}
	EndGlobalSection
EndGlobal
